{
    "_meta": {
        "hash": {
            "sha256": "965142c4c925373955fd3cb6dc49f6093c930d0a78dff6a65d3fec6c2c7ceb58"
        },
        "pipfile-spec": 6,
        "requires": {
            "python_version": "3.6"
        },
        "sources": [
            {
                "name": "pypi",
                "url": "https://pypi.org/simple",
                "verify_ssl": true
            }
        ]
    },
    "default": {
        "django": {
            "hashes": [
                "sha256:0c5b65847d00845ee404bbc0b4a85686f15eb3001ffddda3db4e9baa265bf136",
                "sha256:68aeea369a8130259354b6ba1fa9babe0c5ee6bced505dea4afcd00f765ae38b"
            ],
            "index": "pypi",
            "version": "==2.0.8"
        },
        "django-autoslug-iplweb": {
            "hashes": [
                "sha256:6ddec119072067e78cbdb53f7ba11ae8bee5a2f2f0fe1d90c6a4d3c0a91489d3",
                "sha256:8a3ba49b18f082e29ac9cb17884d4b2149ad14988bd89e118b1c5ddf94fdea8e"
            ],
            "index": "pypi",
            "version": "==1.9.4"
        },
        "django-bootstrap4": {
            "hashes": [
                "sha256:6db4a27b33851833e68b96344f9df063150dcace8d4787ebfc21eceb55196945"
            ],
            "index": "pypi",
            "version": "==0.0.6"
        },
        "pytz": {
            "hashes": [
                "sha256:a061aa0a9e06881eb8b3b2b43f05b9439d6583c206d0a6c340ff72a7b6669053",
                "sha256:ffb9ef1de172603304d9d2819af6f5ece76f2e85ec10692a524dd876e72bf277"
            ],
            "version": "==2018.5"
        }
    },
    "develop": {}
}
